
Microsoft Visual Studio Solution File, Format Version 12.00
# Visual Studio Version 16
VisualStudioVersion = 16.0.30804.86
MinimumVisualStudioVersion = 10.0.40219.1
Project("{FAE04EC0-301F-11D3-BF4B-00C04F79EFBC}") = "ConsoleApp16", "ConsoleApp16\ConsoleApp16.csproj", "{7A39AD6A-C033-49C4-9CBC-905FCB64CD78}"
EndProject
Global
	GlobalSection(SolutionConfigurationPlatforms) = preSolution
		Debug|Any CPU = Debug|Any CPU
		Release|Any CPU = Release|Any CPU
	EndGlobalSection
	GlobalSection(ProjectConfigurationPlatforms) = postSolution
		{7A39AD6A-C033-49C4-9CBC-905FCB64CD78}.Debug|Any CPU.ActiveCfg = Debug|Any CPU
		{7A39AD6A-C033-49C4-9CBC-905FCB64CD78}.Debug|Any CPU.Build.0 = Debug|Any CPU
		{7A39AD6A-C033-49C4-9CBC-905FCB64CD78}.Release|Any CPU.ActiveCfg = Release|Any CPU
		{7A39AD6A-C033-49C4-9CBC-905FCB64CD78}.Release|Any CPU.Build.0 = Release|Any CPU
	EndGlobalSection
	GlobalSection(SolutionProperties) = preSolution
		HideSolutionNode = FALSE
	EndGlobalSection
	GlobalSection(ExtensibilityGlobals) = postSolution
		SolutionGuid = {E488ECA7-2CCB-4E48-938C-8638D8E2E279}
	EndGlobalSection
EndGlobal
